{
    "_meta": {
        "hash": {
            "sha256": "b2d9e8497fe7ff949e8efb26fc86e185a67a013cd2f9e14822c3d231eea11b7c"
        },
        "host-environment-markers": {
            "implementation_name": "cpython",
            "implementation_version": "3.5.4",
            "os_name": "posix",
            "platform_machine": "x86_64",
            "platform_python_implementation": "CPython",
            "platform_release": "4.4.0-96-generic",
            "platform_system": "Linux",
            "platform_version": "#119-Ubuntu SMP Tue Sep 12 14:59:54 UTC 2017",
            "python_full_version": "3.5.4",
            "python_version": "3.5",
            "sys_platform": "linux"
        },
        "pipfile-spec": 6,
        "requires": {},
        "sources": [
            {
                "name": "pypi",
                "url": "https://pypi.python.org/simple",
                "verify_ssl": true
            }
        ]
    },
    "default": {
        "gitdb2": {
            "hashes": [
                "sha256:cf9a4b68e8c4da8d42e48728c944ff7af2d8c9db303ac1ab32eac37aa4194b0e",
                "sha256:b60e29d4533e5e25bb50b7678bbc187c8f6bcff1344b4f293b2ba55c85795f09"
            ],
            "version": "==2.0.3"
        },
        "gitpython": {
            "hashes": [
                "sha256:e0b84d37fc7a3594e14818534ef3836d8182925399931a26eab2eb8ef5243a58",
                "sha256:13c7cd99c2bf277fc99accfc25148752fa90e7cc6c6d08a3f01d229dacb461d9"
            ],
            "version": "==2.1.7"
        },
        "smmap2": {
            "hashes": [
                "sha256:b78ee0f1f5772d69ff50b1cbdb01b8c6647a8354f02f23b488cf4b2cfc923956",
                "sha256:c7530db63f15f09f8251094b22091298e82bf6c699a6b8344aaaef3f2e1276c3"
            ],
            "version": "==2.0.3"
        }
    },
    "develop": {}
}
